
Microsoft Visual Studio Solution File, Format Version 12.00
# Visual Studio 15
VisualStudioVersion = 15.0.26124.0
MinimumVisualStudioVersion = 15.0.26124.0
Project("{FAE04EC0-301F-11D3-BF4B-00C04F79EFBC}") = "WebApi", "WebApi\WebApi.csproj", "{A88E666B-02A6-4033-9A23-CA1823993F47}"
EndProject
Project("{2150E333-8FDC-42A3-9474-1A3956D46DE8}") = "Api", "Api", "{66BF14CE-29AE-4AE1-9038-CC84F26E027C}"
EndProject
Project("{2150E333-8FDC-42A3-9474-1A3956D46DE8}") = "Services", "Services", "{178A4308-79A2-4D6B-89EB-79578B0CFB65}"
EndProject
Project("{2150E333-8FDC-42A3-9474-1A3956D46DE8}") = "BuildingBlocks", "BuildingBlocks", "{3ABEE5D8-026A-43A8-B5D1-BFDCB1F44957}"
EndProject
Project("{2150E333-8FDC-42A3-9474-1A3956D46DE8}") = "Tests", "Tests", "{69BB95F4-CEF8-4146-8953-337B2091AEEE}"
EndProject
Project("{2150E333-8FDC-42A3-9474-1A3956D46DE8}") = "Contracts", "Contracts", "{89A2887B-0BC0-4A69-BE32-A95BC642D046}"
EndProject
Project("{FAE04EC0-301F-11D3-BF4B-00C04F79EFBC}") = "Contracts.Donation", "Contracts\Contracts.Donation\Contracts.Donation.csproj", "{4FC767B9-8FDF-46BF-80BD-D87C18A453E0}"
EndProject
Project("{FAE04EC0-301F-11D3-BF4B-00C04F79EFBC}") = "Services.Donations", "Services\Services.Donations\Services.Donations.csproj", "{76459177-5902-4B09-A9FC-4A68274415DF}"
EndProject
Project("{2150E333-8FDC-42A3-9474-1A3956D46DE8}") = "Data", "Data", "{8E5A89D9-E365-4ABF-8551-19E8F7485B4D}"
EndProject
Project("{FAE04EC0-301F-11D3-BF4B-00C04F79EFBC}") = "Data.Repository", "Data\Data.Repository\Data.Repository.csproj", "{B0F0040E-015F-4BE6-88CA-5498B1B3830C}"
EndProject
Project("{FAE04EC0-301F-11D3-BF4B-00C04F79EFBC}") = "Data.Repository.EF", "Data\Data.Repository.EF\Data.Repository.EF.csproj", "{67176037-6A16-4628-BB12-9592F3A11A3D}"
EndProject
Project("{2150E333-8FDC-42A3-9474-1A3956D46DE8}") = "Model", "Model", "{B04AF5A6-521A-4359-83DB-300ABDF9289F}"
EndProject
Project("{FAE04EC0-301F-11D3-BF4B-00C04F79EFBC}") = "Model.Donations", "Model\Model.Donations\Model.Donations.csproj", "{91800A8C-4FB1-4CBC-A26D-B7487CBF08FC}"
EndProject
Global
	GlobalSection(SolutionConfigurationPlatforms) = preSolution
		Debug|Any CPU = Debug|Any CPU
		Debug|x64 = Debug|x64
		Debug|x86 = Debug|x86
		Release|Any CPU = Release|Any CPU
		Release|x64 = Release|x64
		Release|x86 = Release|x86
	EndGlobalSection
	GlobalSection(SolutionProperties) = preSolution
		HideSolutionNode = FALSE
	EndGlobalSection
	GlobalSection(ProjectConfigurationPlatforms) = postSolution
		{A88E666B-02A6-4033-9A23-CA1823993F47}.Debug|Any CPU.ActiveCfg = Debug|Any CPU
		{A88E666B-02A6-4033-9A23-CA1823993F47}.Debug|Any CPU.Build.0 = Debug|Any CPU
		{A88E666B-02A6-4033-9A23-CA1823993F47}.Debug|x64.ActiveCfg = Debug|Any CPU
		{A88E666B-02A6-4033-9A23-CA1823993F47}.Debug|x64.Build.0 = Debug|Any CPU
		{A88E666B-02A6-4033-9A23-CA1823993F47}.Debug|x86.ActiveCfg = Debug|Any CPU
		{A88E666B-02A6-4033-9A23-CA1823993F47}.Debug|x86.Build.0 = Debug|Any CPU
		{A88E666B-02A6-4033-9A23-CA1823993F47}.Release|Any CPU.ActiveCfg = Release|Any CPU
		{A88E666B-02A6-4033-9A23-CA1823993F47}.Release|Any CPU.Build.0 = Release|Any CPU
		{A88E666B-02A6-4033-9A23-CA1823993F47}.Release|x64.ActiveCfg = Release|Any CPU
		{A88E666B-02A6-4033-9A23-CA1823993F47}.Release|x64.Build.0 = Release|Any CPU
		{A88E666B-02A6-4033-9A23-CA1823993F47}.Release|x86.ActiveCfg = Release|Any CPU
		{A88E666B-02A6-4033-9A23-CA1823993F47}.Release|x86.Build.0 = Release|Any CPU
		{4FC767B9-8FDF-46BF-80BD-D87C18A453E0}.Debug|Any CPU.ActiveCfg = Debug|Any CPU
		{4FC767B9-8FDF-46BF-80BD-D87C18A453E0}.Debug|Any CPU.Build.0 = Debug|Any CPU
		{4FC767B9-8FDF-46BF-80BD-D87C18A453E0}.Debug|x64.ActiveCfg = Debug|Any CPU
		{4FC767B9-8FDF-46BF-80BD-D87C18A453E0}.Debug|x64.Build.0 = Debug|Any CPU
		{4FC767B9-8FDF-46BF-80BD-D87C18A453E0}.Debug|x86.ActiveCfg = Debug|Any CPU
		{4FC767B9-8FDF-46BF-80BD-D87C18A453E0}.Debug|x86.Build.0 = Debug|Any CPU
		{4FC767B9-8FDF-46BF-80BD-D87C18A453E0}.Release|Any CPU.ActiveCfg = Release|Any CPU
		{4FC767B9-8FDF-46BF-80BD-D87C18A453E0}.Release|Any CPU.Build.0 = Release|Any CPU
		{4FC767B9-8FDF-46BF-80BD-D87C18A453E0}.Release|x64.ActiveCfg = Release|Any CPU
		{4FC767B9-8FDF-46BF-80BD-D87C18A453E0}.Release|x64.Build.0 = Release|Any CPU
		{4FC767B9-8FDF-46BF-80BD-D87C18A453E0}.Release|x86.ActiveCfg = Release|Any CPU
		{4FC767B9-8FDF-46BF-80BD-D87C18A453E0}.Release|x86.Build.0 = Release|Any CPU
		{76459177-5902-4B09-A9FC-4A68274415DF}.Debug|Any CPU.ActiveCfg = Debug|Any CPU
		{76459177-5902-4B09-A9FC-4A68274415DF}.Debug|Any CPU.Build.0 = Debug|Any CPU
		{76459177-5902-4B09-A9FC-4A68274415DF}.Debug|x64.ActiveCfg = Debug|Any CPU
		{76459177-5902-4B09-A9FC-4A68274415DF}.Debug|x64.Build.0 = Debug|Any CPU
		{76459177-5902-4B09-A9FC-4A68274415DF}.Debug|x86.ActiveCfg = Debug|Any CPU
		{76459177-5902-4B09-A9FC-4A68274415DF}.Debug|x86.Build.0 = Debug|Any CPU
		{76459177-5902-4B09-A9FC-4A68274415DF}.Release|Any CPU.ActiveCfg = Release|Any CPU
		{76459177-5902-4B09-A9FC-4A68274415DF}.Release|Any CPU.Build.0 = Release|Any CPU
		{76459177-5902-4B09-A9FC-4A68274415DF}.Release|x64.ActiveCfg = Release|Any CPU
		{76459177-5902-4B09-A9FC-4A68274415DF}.Release|x64.Build.0 = Release|Any CPU
		{76459177-5902-4B09-A9FC-4A68274415DF}.Release|x86.ActiveCfg = Release|Any CPU
		{76459177-5902-4B09-A9FC-4A68274415DF}.Release|x86.Build.0 = Release|Any CPU
		{B0F0040E-015F-4BE6-88CA-5498B1B3830C}.Debug|Any CPU.ActiveCfg = Debug|Any CPU
		{B0F0040E-015F-4BE6-88CA-5498B1B3830C}.Debug|Any CPU.Build.0 = Debug|Any CPU
		{B0F0040E-015F-4BE6-88CA-5498B1B3830C}.Debug|x64.ActiveCfg = Debug|Any CPU
		{B0F0040E-015F-4BE6-88CA-5498B1B3830C}.Debug|x64.Build.0 = Debug|Any CPU
		{B0F0040E-015F-4BE6-88CA-5498B1B3830C}.Debug|x86.ActiveCfg = Debug|Any CPU
		{B0F0040E-015F-4BE6-88CA-5498B1B3830C}.Debug|x86.Build.0 = Debug|Any CPU
		{B0F0040E-015F-4BE6-88CA-5498B1B3830C}.Release|Any CPU.ActiveCfg = Release|Any CPU
		{B0F0040E-015F-4BE6-88CA-5498B1B3830C}.Release|Any CPU.Build.0 = Release|Any CPU
		{B0F0040E-015F-4BE6-88CA-5498B1B3830C}.Release|x64.ActiveCfg = Release|Any CPU
		{B0F0040E-015F-4BE6-88CA-5498B1B3830C}.Release|x64.Build.0 = Release|Any CPU
		{B0F0040E-015F-4BE6-88CA-5498B1B3830C}.Release|x86.ActiveCfg = Release|Any CPU
		{B0F0040E-015F-4BE6-88CA-5498B1B3830C}.Release|x86.Build.0 = Release|Any CPU
		{67176037-6A16-4628-BB12-9592F3A11A3D}.Debug|Any CPU.ActiveCfg = Debug|Any CPU
		{67176037-6A16-4628-BB12-9592F3A11A3D}.Debug|Any CPU.Build.0 = Debug|Any CPU
		{67176037-6A16-4628-BB12-9592F3A11A3D}.Debug|x64.ActiveCfg = Debug|Any CPU
		{67176037-6A16-4628-BB12-9592F3A11A3D}.Debug|x64.Build.0 = Debug|Any CPU
		{67176037-6A16-4628-BB12-9592F3A11A3D}.Debug|x86.ActiveCfg = Debug|Any CPU
		{67176037-6A16-4628-BB12-9592F3A11A3D}.Debug|x86.Build.0 = Debug|Any CPU
		{67176037-6A16-4628-BB12-9592F3A11A3D}.Release|Any CPU.ActiveCfg = Release|Any CPU
		{67176037-6A16-4628-BB12-9592F3A11A3D}.Release|Any CPU.Build.0 = Release|Any CPU
		{67176037-6A16-4628-BB12-9592F3A11A3D}.Release|x64.ActiveCfg = Release|Any CPU
		{67176037-6A16-4628-BB12-9592F3A11A3D}.Release|x64.Build.0 = Release|Any CPU
		{67176037-6A16-4628-BB12-9592F3A11A3D}.Release|x86.ActiveCfg = Release|Any CPU
		{67176037-6A16-4628-BB12-9592F3A11A3D}.Release|x86.Build.0 = Release|Any CPU
		{91800A8C-4FB1-4CBC-A26D-B7487CBF08FC}.Debug|Any CPU.ActiveCfg = Debug|Any CPU
		{91800A8C-4FB1-4CBC-A26D-B7487CBF08FC}.Debug|Any CPU.Build.0 = Debug|Any CPU
		{91800A8C-4FB1-4CBC-A26D-B7487CBF08FC}.Debug|x64.ActiveCfg = Debug|Any CPU
		{91800A8C-4FB1-4CBC-A26D-B7487CBF08FC}.Debug|x64.Build.0 = Debug|Any CPU
		{91800A8C-4FB1-4CBC-A26D-B7487CBF08FC}.Debug|x86.ActiveCfg = Debug|Any CPU
		{91800A8C-4FB1-4CBC-A26D-B7487CBF08FC}.Debug|x86.Build.0 = Debug|Any CPU
		{91800A8C-4FB1-4CBC-A26D-B7487CBF08FC}.Release|Any CPU.ActiveCfg = Release|Any CPU
		{91800A8C-4FB1-4CBC-A26D-B7487CBF08FC}.Release|Any CPU.Build.0 = Release|Any CPU
		{91800A8C-4FB1-4CBC-A26D-B7487CBF08FC}.Release|x64.ActiveCfg = Release|Any CPU
		{91800A8C-4FB1-4CBC-A26D-B7487CBF08FC}.Release|x64.Build.0 = Release|Any CPU
		{91800A8C-4FB1-4CBC-A26D-B7487CBF08FC}.Release|x86.ActiveCfg = Release|Any CPU
		{91800A8C-4FB1-4CBC-A26D-B7487CBF08FC}.Release|x86.Build.0 = Release|Any CPU
	EndGlobalSection
	GlobalSection(NestedProjects) = preSolution
		{A88E666B-02A6-4033-9A23-CA1823993F47} = {66BF14CE-29AE-4AE1-9038-CC84F26E027C}
		{4FC767B9-8FDF-46BF-80BD-D87C18A453E0} = {89A2887B-0BC0-4A69-BE32-A95BC642D046}
		{76459177-5902-4B09-A9FC-4A68274415DF} = {178A4308-79A2-4D6B-89EB-79578B0CFB65}
		{B0F0040E-015F-4BE6-88CA-5498B1B3830C} = {8E5A89D9-E365-4ABF-8551-19E8F7485B4D}
		{67176037-6A16-4628-BB12-9592F3A11A3D} = {8E5A89D9-E365-4ABF-8551-19E8F7485B4D}
		{91800A8C-4FB1-4CBC-A26D-B7487CBF08FC} = {B04AF5A6-521A-4359-83DB-300ABDF9289F}
	EndGlobalSection
EndGlobal
